// !$*UTF8*$!
{
	archiveVersion = 1;
	classes = {
	};
	objectVersion = 51;
	objects = {

/* Begin PBXBuildFile section */
		941D2F877A54798B7BB8B8FB /* Pods_Owange_Task.framework in Frameworks */ = {isa = PBXBuildFile; fileRef = 3BC6899116961C4728E3ABA3 /* Pods_Owange_Task.framework */; };
		A17FA2E325BB17FC0094FCBC /* AppDelegate.swift in Sources */ = {isa = PBXBuildFile; fileRef = A17FA2E225BB17FC0094FCBC /* AppDelegate.swift */; };
		A17FA2EC25BB17FD0094FCBC /* Assets.xcassets in Resources */ = {isa = PBXBuildFile; fileRef = A17FA2EB25BB17FD0094FCBC /* Assets.xcassets */; };
		A17FA2EF25BB17FD0094FCBC /* LaunchScreen.storyboard in Resources */ = {isa = PBXBuildFile; fileRef = A17FA2ED25BB17FD0094FCBC /* LaunchScreen.storyboard */; };
		A17FA2FA25BB17FD0094FCBC /* Owange_TaskTests.swift in Sources */ = {isa = PBXBuildFile; fileRef = A17FA2F925BB17FD0094FCBC /* Owange_TaskTests.swift */; };
		A17FA30525BB17FD0094FCBC /* Owange_TaskUITests.swift in Sources */ = {isa = PBXBuildFile; fileRef = A17FA30425BB17FD0094FCBC /* Owange_TaskUITests.swift */; };
		A1B9125825BB2EFE00AC9D21 /* Color.xcassets in Resources */ = {isa = PBXBuildFile; fileRef = A1B9125725BB2EFE00AC9D21 /* Color.xcassets */; };
		A1B9126125BB2F9C00AC9D21 /* DependencyFactory.swift in Sources */ = {isa = PBXBuildFile; fileRef = A1B9126025BB2F9C00AC9D21 /* DependencyFactory.swift */; };
		A1B9126925BB301800AC9D21 /* BaseFactory.swift in Sources */ = {isa = PBXBuildFile; fileRef = A1B9126825BB301800AC9D21 /* BaseFactory.swift */; };
		A1B9127A25BB30B400AC9D21 /* RepositoriesViewModel.swift in Sources */ = {isa = PBXBuildFile; fileRef = A1B9127925BB30B400AC9D21 /* RepositoriesViewModel.swift */; };
		A1B9128225BB30C200AC9D21 /* RepositoriesViewController.swift in Sources */ = {isa = PBXBuildFile; fileRef = A1B9128125BB30C200AC9D21 /* RepositoriesViewController.swift */; };
		A1B9128725BB30D300AC9D21 /* RepositoriesServiceProtocol.swift in Sources */ = {isa = PBXBuildFile; fileRef = A1B9128625BB30D300AC9D21 /* RepositoriesServiceProtocol.swift */; };
		A1B9128E25BB316300AC9D21 /* RepositoriesAPI.swift in Sources */ = {isa = PBXBuildFile; fileRef = A1B9128D25BB316300AC9D21 /* RepositoriesAPI.swift */; };
		A1B9129725BB318500AC9D21 /* NetworkManager.swift in Sources */ = {isa = PBXBuildFile; fileRef = A1B9129625BB318500AC9D21 /* NetworkManager.swift */; };
		A1B9129F25BB31FC00AC9D21 /* RepositoriesCoordinator.swift in Sources */ = {isa = PBXBuildFile; fileRef = A1B9129E25BB31FC00AC9D21 /* RepositoriesCoordinator.swift */; };
		A1B912A425BB323A00AC9D21 /* RepositoriesFactory.swift in Sources */ = {isa = PBXBuildFile; fileRef = A1B912A325BB323A00AC9D21 /* RepositoriesFactory.swift */; };
		A1B912A925BB339000AC9D21 /* BaseCoordinator.swift in Sources */ = {isa = PBXBuildFile; fileRef = A1B912A825BB339000AC9D21 /* BaseCoordinator.swift */; };
		A1B912B025BB352A00AC9D21 /* ApisPaths.swift in Sources */ = {isa = PBXBuildFile; fileRef = A1B912AF25BB352A00AC9D21 /* ApisPaths.swift */; };
		A1B912BB25BB470F00AC9D21 /* RepositoriesResponse.swift in Sources */ = {isa = PBXBuildFile; fileRef = A1B912BA25BB470F00AC9D21 /* RepositoriesResponse.swift */; };
		A1B912C325BB522800AC9D21 /* Network+Repositories.swift in Sources */ = {isa = PBXBuildFile; fileRef = A1B912C225BB522800AC9D21 /* Network+Repositories.swift */; };
		A1B912CB25BB530A00AC9D21 /* MoyaProvider+Promise.swift in Sources */ = {isa = PBXBuildFile; fileRef = A1B912CA25BB530A00AC9D21 /* MoyaProvider+Promise.swift */; };
		A1B912D325BB534400AC9D21 /* ServerError.swift in Sources */ = {isa = PBXBuildFile; fileRef = A1B912D225BB534400AC9D21 /* ServerError.swift */; };
		A1B912DB25BB537A00AC9D21 /* NetworkError.swift in Sources */ = {isa = PBXBuildFile; fileRef = A1B912DA25BB537A00AC9D21 /* NetworkError.swift */; };
		A1B912E325BB540300AC9D21 /* MoyaApiExtension.swift in Sources */ = {isa = PBXBuildFile; fileRef = A1B912E225BB540300AC9D21 /* MoyaApiExtension.swift */; };
		A1B912EE25BB57D900AC9D21 /* BaseNavigationController.swift in Sources */ = {isa = PBXBuildFile; fileRef = A1B912ED25BB57D900AC9D21 /* BaseNavigationController.swift */; };
		A1B912F625BB582500AC9D21 /* UIApplication.swift in Sources */ = {isa = PBXBuildFile; fileRef = A1B912F525BB582500AC9D21 /* UIApplication.swift */; };
		A1B9131325BB5C7800AC9D21 /* Constants.swift in Sources */ = {isa = PBXBuildFile; fileRef = A1B9131225BB5C7800AC9D21 /* Constants.swift */; };
		A1B9131B25BB5C9500AC9D21 /* Repositories.storyboard in Resources */ = {isa = PBXBuildFile; fileRef = A1B9131A25BB5C9500AC9D21 /* Repositories.storyboard */; };
		A1B9134A25BB796500AC9D21 /* RepositoriesCell.swift in Sources */ = {isa = PBXBuildFile; fileRef = A1B9134825BB796500AC9D21 /* RepositoriesCell.swift */; };
		A1B9134B25BB796500AC9D21 /* RepositoriesCell.xib in Resources */ = {isa = PBXBuildFile; fileRef = A1B9134925BB796500AC9D21 /* RepositoriesCell.xib */; };
		A1B9135125BB79FC00AC9D21 /* UICollectionView.swift in Sources */ = {isa = PBXBuildFile; fileRef = A1B9135025BB79FC00AC9D21 /* UICollectionView.swift */; };
		A1B9135C25BB7A8500AC9D21 /* RepositoriesViewController+CollectionView.swift in Sources */ = {isa = PBXBuildFile; fileRef = A1B9135B25BB7A8500AC9D21 /* RepositoriesViewController+CollectionView.swift */; };
		A1B9136725BB8E6E00AC9D21 /* UIViewX.swift in Sources */ = {isa = PBXBuildFile; fileRef = A1B9136625BB8E6E00AC9D21 /* UIViewX.swift */; };
		A6CCEB48391D43478B0C71E1 /* Pods_Owange_Task_Owange_TaskUITests.framework in Frameworks */ = {isa = PBXBuildFile; fileRef = 69C583347A03492D54A37CDA /* Pods_Owange_Task_Owange_TaskUITests.framework */; };
		D8F42CF0BD061645F99904CA /* Pods_Owange_TaskTests.framework in Frameworks */ = {isa = PBXBuildFile; fileRef = 2A5C2C11017733586094F3AA /* Pods_Owange_TaskTests.framework */; };
/* End PBXBuildFile section */

/* Begin PBXContainerItemProxy section */
		A17FA2F625BB17FD0094FCBC /* PBXContainerItemProxy */ = {
			isa = PBXContainerItemProxy;
			containerPortal = A17FA2D725BB17FC0094FCBC /* Project object */;
			proxyType = 1;
			remoteGlobalIDString = A17FA2DE25BB17FC0094FCBC;
			remoteInfo = "Owange-Task";
		};
		A17FA30125BB17FD0094FCBC /* PBXContainerItemProxy */ = {
			isa = PBXContainerItemProxy;
			containerPortal = A17FA2D725BB17FC0094FCBC /* Project object */;
			proxyType = 1;
			remoteGlobalIDString = A17FA2DE25BB17FC0094FCBC;
			remoteInfo = "Owange-Task";
		};
/* End PBXContainerItemProxy section */

/* Begin PBXFileReference section */
		2A5C2C11017733586094F3AA /* Pods_Owange_TaskTests.framework */ = {isa = PBXFileReference; explicitFileType = wrapper.framework; includeInIndex = 0; path = Pods_Owange_TaskTests.framework; sourceTree = BUILT_PRODUCTS_DIR; };
		2F4553428ABD22FF7C192DD9 /* Pods-Owange-TaskTests.release.xcconfig */ = {isa = PBXFileReference; includeInIndex = 1; lastKnownFileType = text.xcconfig; name = "Pods-Owange-TaskTests.release.xcconfig"; path = "Target Support Files/Pods-Owange-TaskTests/Pods-Owange-TaskTests.release.xcconfig"; sourceTree = "<group>"; };
		3BC6899116961C4728E3ABA3 /* Pods_Owange_Task.framework */ = {isa = PBXFileReference; explicitFileType = wrapper.framework; includeInIndex = 0; path = Pods_Owange_Task.framework; sourceTree = BUILT_PRODUCTS_DIR; };
		579FF19883EA4B30A1FD1A1C /* Pods-Owange-Task-Owange-TaskUITests.debug.xcconfig */ = {isa = PBXFileReference; includeInIndex = 1; lastKnownFileType = text.xcconfig; name = "Pods-Owange-Task-Owange-TaskUITests.debug.xcconfig"; path = "Target Support Files/Pods-Owange-Task-Owange-TaskUITests/Pods-Owange-Task-Owange-TaskUITests.debug.xcconfig"; sourceTree = "<group>"; };
		69C583347A03492D54A37CDA /* Pods_Owange_Task_Owange_TaskUITests.framework */ = {isa = PBXFileReference; explicitFileType = wrapper.framework; includeInIndex = 0; path = Pods_Owange_Task_Owange_TaskUITests.framework; sourceTree = BUILT_PRODUCTS_DIR; };
		93C501E4D4696BBF3C4BD181 /* Pods-Owange-Task.debug.xcconfig */ = {isa = PBXFileReference; includeInIndex = 1; lastKnownFileType = text.xcconfig; name = "Pods-Owange-Task.debug.xcconfig"; path = "Target Support Files/Pods-Owange-Task/Pods-Owange-Task.debug.xcconfig"; sourceTree = "<group>"; };
		A17FA2DF25BB17FC0094FCBC /* Owange-Task.app */ = {isa = PBXFileReference; explicitFileType = wrapper.application; includeInIndex = 0; path = "Owange-Task.app"; sourceTree = BUILT_PRODUCTS_DIR; };
		A17FA2E225BB17FC0094FCBC /* AppDelegate.swift */ = {isa = PBXFileReference; lastKnownFileType = sourcecode.swift; path = AppDelegate.swift; sourceTree = "<group>"; };
		A17FA2EB25BB17FD0094FCBC /* Assets.xcassets */ = {isa = PBXFileReference; lastKnownFileType = folder.assetcatalog; path = Assets.xcassets; sourceTree = "<group>"; };
		A17FA2EE25BB17FD0094FCBC /* Base */ = {isa = PBXFileReference; lastKnownFileType = file.storyboard; name = Base; path = Base.lproj/LaunchScreen.storyboard; sourceTree = "<group>"; };
		A17FA2F025BB17FD0094FCBC /* Info.plist */ = {isa = PBXFileReference; lastKnownFileType = text.plist.xml; path = Info.plist; sourceTree = "<group>"; };
		A17FA2F525BB17FD0094FCBC /* Owange-TaskTests.xctest */ = {isa = PBXFileReference; explicitFileType = wrapper.cfbundle; includeInIndex = 0; path = "Owange-TaskTests.xctest"; sourceTree = BUILT_PRODUCTS_DIR; };
		A17FA2F925BB17FD0094FCBC /* Owange_TaskTests.swift */ = {isa = PBXFileReference; lastKnownFileType = sourcecode.swift; path = Owange_TaskTests.swift; sourceTree = "<group>"; };
		A17FA2FB25BB17FD0094FCBC /* Info.plist */ = {isa = PBXFileReference; lastKnownFileType = text.plist.xml; path = Info.plist; sourceTree = "<group>"; };
		A17FA30025BB17FD0094FCBC /* Owange-TaskUITests.xctest */ = {isa = PBXFileReference; explicitFileType = wrapper.cfbundle; includeInIndex = 0; path = "Owange-TaskUITests.xctest"; sourceTree = BUILT_PRODUCTS_DIR; };
		A17FA30425BB17FD0094FCBC /* Owange_TaskUITests.swift */ = {isa = PBXFileReference; lastKnownFileType = sourcecode.swift; path = Owange_TaskUITests.swift; sourceTree = "<group>"; };
		A17FA30625BB17FD0094FCBC /* Info.plist */ = {isa = PBXFileReference; lastKnownFileType = text.plist.xml; path = Info.plist; sourceTree = "<group>"; };
		A1B9125725BB2EFE00AC9D21 /* Color.xcassets */ = {isa = PBXFileReference; lastKnownFileType = folder.assetcatalog; path = Color.xcassets; sourceTree = "<group>"; };
		A1B9126025BB2F9C00AC9D21 /* DependencyFactory.swift */ = {isa = PBXFileReference; lastKnownFileType = sourcecode.swift; path = DependencyFactory.swift; sourceTree = "<group>"; };
		A1B9126825BB301800AC9D21 /* BaseFactory.swift */ = {isa = PBXFileReference; lastKnownFileType = sourcecode.swift; path = BaseFactory.swift; sourceTree = "<group>"; };
		A1B9127925BB30B400AC9D21 /* RepositoriesViewModel.swift */ = {isa = PBXFileReference; lastKnownFileType = sourcecode.swift; path = RepositoriesViewModel.swift; sourceTree = "<group>"; };
		A1B9128125BB30C200AC9D21 /* RepositoriesViewController.swift */ = {isa = PBXFileReference; lastKnownFileType = sourcecode.swift; path = RepositoriesViewController.swift; sourceTree = "<group>"; };
		A1B9128625BB30D300AC9D21 /* RepositoriesServiceProtocol.swift */ = {isa = PBXFileReference; lastKnownFileType = sourcecode.swift; path = RepositoriesServiceProtocol.swift; sourceTree = "<group>"; };
		A1B9128D25BB316300AC9D21 /* RepositoriesAPI.swift */ = {isa = PBXFileReference; lastKnownFileType = sourcecode.swift; path = RepositoriesAPI.swift; sourceTree = "<group>"; };
		A1B9129625BB318500AC9D21 /* NetworkManager.swift */ = {isa = PBXFileReference; lastKnownFileType = sourcecode.swift; path = NetworkManager.swift; sourceTree = "<group>"; };
		A1B9129E25BB31FC00AC9D21 /* RepositoriesCoordinator.swift */ = {isa = PBXFileReference; lastKnownFileType = sourcecode.swift; path = RepositoriesCoordinator.swift; sourceTree = "<group>"; };
		A1B912A325BB323A00AC9D21 /* RepositoriesFactory.swift */ = {isa = PBXFileReference; lastKnownFileType = sourcecode.swift; path = RepositoriesFactory.swift; sourceTree = "<group>"; };
		A1B912A825BB339000AC9D21 /* BaseCoordinator.swift */ = {isa = PBXFileReference; lastKnownFileType = sourcecode.swift; path = BaseCoordinator.swift; sourceTree = "<group>"; };
		A1B912AF25BB352A00AC9D21 /* ApisPaths.swift */ = {isa = PBXFileReference; lastKnownFileType = sourcecode.swift; path = ApisPaths.swift; sourceTree = "<group>"; };
		A1B912BA25BB470F00AC9D21 /* RepositoriesResponse.swift */ = {isa = PBXFileReference; lastKnownFileType = sourcecode.swift; path = RepositoriesResponse.swift; sourceTree = "<group>"; };
		A1B912C225BB522800AC9D21 /* Network+Repositories.swift */ = {isa = PBXFileReference; lastKnownFileType = sourcecode.swift; path = "Network+Repositories.swift"; sourceTree = "<group>"; };
		A1B912CA25BB530A00AC9D21 /* MoyaProvider+Promise.swift */ = {isa = PBXFileReference; lastKnownFileType = sourcecode.swift; path = "MoyaProvider+Promise.swift"; sourceTree = "<group>"; };
		A1B912D225BB534400AC9D21 /* ServerError.swift */ = {isa = PBXFileReference; lastKnownFileType = sourcecode.swift; path = ServerError.swift; sourceTree = "<group>"; };
		A1B912DA25BB537A00AC9D21 /* NetworkError.swift */ = {isa = PBXFileReference; lastKnownFileType = sourcecode.swift; path = NetworkError.swift; sourceTree = "<group>"; };
		A1B912E225BB540300AC9D21 /* MoyaApiExtension.swift */ = {isa = PBXFileReference; lastKnownFileType = sourcecode.swift; path = MoyaApiExtension.swift; sourceTree = "<group>"; };
		A1B912ED25BB57D900AC9D21 /* BaseNavigationController.swift */ = {isa = PBXFileReference; lastKnownFileType = sourcecode.swift; path = BaseNavigationController.swift; sourceTree = "<group>"; };
		A1B912F525BB582500AC9D21 /* UIApplication.swift */ = {isa = PBXFileReference; lastKnownFileType = sourcecode.swift; path = UIApplication.swift; sourceTree = "<group>"; };
		A1B9131225BB5C7800AC9D21 /* Constants.swift */ = {isa = PBXFileReference; lastKnownFileType = sourcecode.swift; path = Constants.swift; sourceTree = "<group>"; };
		A1B9131A25BB5C9500AC9D21 /* Repositories.storyboard */ = {isa = PBXFileReference; lastKnownFileType = file.storyboard; path = Repositories.storyboard; sourceTree = "<group>"; };
		A1B9134825BB796500AC9D21 /* RepositoriesCell.swift */ = {isa = PBXFileReference; lastKnownFileType = sourcecode.swift; path = RepositoriesCell.swift; sourceTree = "<group>"; };
		A1B9134925BB796500AC9D21 /* RepositoriesCell.xib */ = {isa = PBXFileReference; lastKnownFileType = file.xib; path = RepositoriesCell.xib; sourceTree = "<group>"; };
		A1B9135025BB79FC00AC9D21 /* UICollectionView.swift */ = {isa = PBXFileReference; lastKnownFileType = sourcecode.swift; path = UICollectionView.swift; sourceTree = "<group>"; };
		A1B9135B25BB7A8500AC9D21 /* RepositoriesViewController+CollectionView.swift */ = {isa = PBXFileReference; lastKnownFileType = sourcecode.swift; path = "RepositoriesViewController+CollectionView.swift"; sourceTree = "<group>"; };
		A1B9136625BB8E6E00AC9D21 /* UIViewX.swift */ = {isa = PBXFileReference; fileEncoding = 4; lastKnownFileType = sourcecode.swift; path = UIViewX.swift; sourceTree = "<group>"; };
		BE192A0E356641477BB42027 /* Pods-Owange-Task-Owange-TaskUITests.release.xcconfig */ = {isa = PBXFileReference; includeInIndex = 1; lastKnownFileType = text.xcconfig; name = "Pods-Owange-Task-Owange-TaskUITests.release.xcconfig"; path = "Target Support Files/Pods-Owange-Task-Owange-TaskUITests/Pods-Owange-Task-Owange-TaskUITests.release.xcconfig"; sourceTree = "<group>"; };
		FD3C0B288003BB792C4DF113 /* Pods-Owange-TaskTests.debug.xcconfig */ = {isa = PBXFileReference; includeInIndex = 1; lastKnownFileType = text.xcconfig; name = "Pods-Owange-TaskTests.debug.xcconfig"; path = "Target Support Files/Pods-Owange-TaskTests/Pods-Owange-TaskTests.debug.xcconfig"; sourceTree = "<group>"; };
		FF5A95B521E16AD84015EBEE /* Pods-Owange-Task.release.xcconfig */ = {isa = PBXFileReference; includeInIndex = 1; lastKnownFileType = text.xcconfig; name = "Pods-Owange-Task.release.xcconfig"; path = "Target Support Files/Pods-Owange-Task/Pods-Owange-Task.release.xcconfig"; sourceTree = "<group>"; };
/* End PBXFileReference section */

/* Begin PBXFrameworksBuildPhase section */
		A17FA2DC25BB17FC0094FCBC /* Frameworks */ = {
			isa = PBXFrameworksBuildPhase;
			buildActionMask = 2147483647;
			files = (
				941D2F877A54798B7BB8B8FB /* Pods_Owange_Task.framework in Frameworks */,
			);
			runOnlyForDeploymentPostprocessing = 0;
		};
		A17FA2F225BB17FD0094FCBC /* Frameworks */ = {
			isa = PBXFrameworksBuildPhase;
			buildActionMask = 2147483647;
			files = (
				D8F42CF0BD061645F99904CA /* Pods_Owange_TaskTests.framework in Frameworks */,
			);
			runOnlyForDeploymentPostprocessing = 0;
		};
		A17FA2FD25BB17FD0094FCBC /* Frameworks */ = {
			isa = PBXFrameworksBuildPhase;
			buildActionMask = 2147483647;
			files = (
				A6CCEB48391D43478B0C71E1 /* Pods_Owange_Task_Owange_TaskUITests.framework in Frameworks */,
			);
			runOnlyForDeploymentPostprocessing = 0;
		};
/* End PBXFrameworksBuildPhase section */

/* Begin PBXGroup section */
		0A4DA4CD11195BF76A49AC87 /* Frameworks */ = {
			isa = PBXGroup;
			children = (
				3BC6899116961C4728E3ABA3 /* Pods_Owange_Task.framework */,
				69C583347A03492D54A37CDA /* Pods_Owange_Task_Owange_TaskUITests.framework */,
				2A5C2C11017733586094F3AA /* Pods_Owange_TaskTests.framework */,
			);
			name = Frameworks;
			sourceTree = "<group>";
		};
		A17FA2D625BB17FC0094FCBC = {
			isa = PBXGroup;
			children = (
				A17FA2E125BB17FC0094FCBC /* Owange-Task */,
				A17FA2F825BB17FD0094FCBC /* Owange-TaskTests */,
				A17FA30325BB17FD0094FCBC /* Owange-TaskUITests */,
				A17FA2E025BB17FC0094FCBC /* Products */,
				F48BF64F26876529307B32C5 /* Pods */,
				0A4DA4CD11195BF76A49AC87 /* Frameworks */,
			);
			sourceTree = "<group>";
		};
		A17FA2E025BB17FC0094FCBC /* Products */ = {
			isa = PBXGroup;
			children = (
				A17FA2DF25BB17FC0094FCBC /* Owange-Task.app */,
				A17FA2F525BB17FD0094FCBC /* Owange-TaskTests.xctest */,
				A17FA30025BB17FD0094FCBC /* Owange-TaskUITests.xctest */,
			);
			name = Products;
			sourceTree = "<group>";
		};
		A17FA2E125BB17FC0094FCBC /* Owange-Task */ = {
			isa = PBXGroup;
			children = (
				A1B9125125BB2EB400AC9D21 /* Application */,
				A1B9125D25BB2F6500AC9D21 /* Dependencies */,
				A1B9125C25BB2F1400AC9D21 /* Configuration */,
				A1B9128B25BB313A00AC9D21 /* Network */,
				A1B9125525BB2ED700AC9D21 /* Support */,
				A1B9125325BB2EC000AC9D21 /* Model */,
				A1B9125225BB2EBA00AC9D21 /* Module */,
			);
			path = "Owange-Task";
			sourceTree = "<group>";
		};
		A17FA2F825BB17FD0094FCBC /* Owange-TaskTests */ = {
			isa = PBXGroup;
			children = (
				A17FA2F925BB17FD0094FCBC /* Owange_TaskTests.swift */,
				A17FA2FB25BB17FD0094FCBC /* Info.plist */,
			);
			path = "Owange-TaskTests";
			sourceTree = "<group>";
		};
		A17FA30325BB17FD0094FCBC /* Owange-TaskUITests */ = {
			isa = PBXGroup;
			children = (
				A17FA30425BB17FD0094FCBC /* Owange_TaskUITests.swift */,
				A17FA30625BB17FD0094FCBC /* Info.plist */,
			);
			path = "Owange-TaskUITests";
			sourceTree = "<group>";
		};
		A1B9125125BB2EB400AC9D21 /* Application */ = {
			isa = PBXGroup;
			children = (
				A17FA2E225BB17FC0094FCBC /* AppDelegate.swift */,
				A1B912F525BB582500AC9D21 /* UIApplication.swift */,
			);
			path = Application;
			sourceTree = "<group>";
		};
		A1B9125225BB2EBA00AC9D21 /* Module */ = {
			isa = PBXGroup;
			children = (
				A1B9127325BB307400AC9D21 /* Repositories */,
			);
			path = Module;
			sourceTree = "<group>";
		};
		A1B9125325BB2EC000AC9D21 /* Model */ = {
			isa = PBXGroup;
			children = (
				A1B9125425BB2ED200AC9D21 /* Network */,
				A1B912DA25BB537A00AC9D21 /* NetworkError.swift */,
			);
			path = Model;
			sourceTree = "<group>";
		};
		A1B9125425BB2ED200AC9D21 /* Network */ = {
			isa = PBXGroup;
			children = (
				A1B912AD25BB341D00AC9D21 /* Response */,
			);
			path = Network;
			sourceTree = "<group>";
		};
		A1B9125525BB2ED700AC9D21 /* Support */ = {
			isa = PBXGroup;
			children = (
				A1B912EB25BB57CE00AC9D21 /* Common */,
				A17FA2ED25BB17FD0094FCBC /* LaunchScreen.storyboard */,
				A1B9125625BB2EE800AC9D21 /* Assets */,
			);
			path = Support;
			sourceTree = "<group>";
		};
		A1B9125625BB2EE800AC9D21 /* Assets */ = {
			isa = PBXGroup;
			children = (
				A17FA2EB25BB17FD0094FCBC /* Assets.xcassets */,
				A1B9125725BB2EFE00AC9D21 /* Color.xcassets */,
			);
			path = Assets;
			sourceTree = "<group>";
		};
		A1B9125C25BB2F1400AC9D21 /* Configuration */ = {
			isa = PBXGroup;
			children = (
				A17FA2F025BB17FD0094FCBC /* Info.plist */,
			);
			path = Configuration;
			sourceTree = "<group>";
		};
		A1B9125D25BB2F6500AC9D21 /* Dependencies */ = {
			isa = PBXGroup;
			children = (
				A1B9126025BB2F9C00AC9D21 /* DependencyFactory.swift */,
				A1B9125F25BB2F7E00AC9D21 /* Factory */,
				A1B9125E25BB2F7400AC9D21 /* Coordinator */,
			);
			path = Dependencies;
			sourceTree = "<group>";
		};
		A1B9125E25BB2F7400AC9D21 /* Coordinator */ = {
			isa = PBXGroup;
			children = (
				A1B912A825BB339000AC9D21 /* BaseCoordinator.swift */,
			);
			path = Coordinator;
			sourceTree = "<group>";
		};
		A1B9125F25BB2F7E00AC9D21 /* Factory */ = {
			isa = PBXGroup;
			children = (
				A1B9126825BB301800AC9D21 /* BaseFactory.swift */,
				A1B912A325BB323A00AC9D21 /* RepositoriesFactory.swift */,
			);
			path = Factory;
			sourceTree = "<group>";
		};
		A1B9127325BB307400AC9D21 /* Repositories */ = {
			isa = PBXGroup;
			children = (
				A1B9127825BB309A00AC9D21 /* Service */,
				A1B9127725BB309200AC9D21 /* Controller */,
				A1B9127625BB308E00AC9D21 /* View */,
				A1B9127525BB308800AC9D21 /* ViewModel */,
				A1B9127425BB308200AC9D21 /* Coordinator */,
			);
			path = Repositories;
			sourceTree = "<group>";
		};
		A1B9127425BB308200AC9D21 /* Coordinator */ = {
			isa = PBXGroup;
			children = (
				A1B9129E25BB31FC00AC9D21 /* RepositoriesCoordinator.swift */,
			);
			path = Coordinator;
			sourceTree = "<group>";
		};
		A1B9127525BB308800AC9D21 /* ViewModel */ = {
			isa = PBXGroup;
			children = (
				A1B9127925BB30B400AC9D21 /* RepositoriesViewModel.swift */,
			);
			path = ViewModel;
			sourceTree = "<group>";
		};
		A1B9127625BB308E00AC9D21 /* View */ = {
			isa = PBXGroup;
			children = (
				A1B912AE25BB342F00AC9D21 /* CustomCell */,
				A1B9131A25BB5C9500AC9D21 /* Repositories.storyboard */,
			);
			path = View;
			sourceTree = "<group>";
		};
		A1B9127725BB309200AC9D21 /* Controller */ = {
			isa = PBXGroup;
			children = (
				A1B9128125BB30C200AC9D21 /* RepositoriesViewController.swift */,
				A1B9135B25BB7A8500AC9D21 /* RepositoriesViewController+CollectionView.swift */,
			);
			path = Controller;
			sourceTree = "<group>";
		};
		A1B9127825BB309A00AC9D21 /* Service */ = {
			isa = PBXGroup;
			children = (
				A1B9128625BB30D300AC9D21 /* RepositoriesServiceProtocol.swift */,
			);
			path = Service;
			sourceTree = "<group>";
		};
		A1B9128B25BB313A00AC9D21 /* Network */ = {
			isa = PBXGroup;
			children = (
				A1B9129525BB316D00AC9D21 /* NetworkManager */,
				A1B9128C25BB315100AC9D21 /* API */,
				A1B912D225BB534400AC9D21 /* ServerError.swift */,
			);
			path = Network;
			sourceTree = "<group>";
		};
		A1B9128C25BB315100AC9D21 /* API */ = {
			isa = PBXGroup;
			children = (
				A1B9128D25BB316300AC9D21 /* RepositoriesAPI.swift */,
				A1B912AF25BB352A00AC9D21 /* ApisPaths.swift */,
				A1B912E225BB540300AC9D21 /* MoyaApiExtension.swift */,
			);
			path = API;
			sourceTree = "<group>";
		};
		A1B9129525BB316D00AC9D21 /* NetworkManager */ = {
			isa = PBXGroup;
			children = (
				A1B9129625BB318500AC9D21 /* NetworkManager.swift */,
				A1B912C225BB522800AC9D21 /* Network+Repositories.swift */,
				A1B912CA25BB530A00AC9D21 /* MoyaProvider+Promise.swift */,
			);
			path = NetworkManager;
			sourceTree = "<group>";
		};
		A1B912AD25BB341D00AC9D21 /* Response */ = {
			isa = PBXGroup;
			children = (
				A1B912BA25BB470F00AC9D21 /* RepositoriesResponse.swift */,
			);
			path = Response;
			sourceTree = "<group>";
		};
		A1B912AE25BB342F00AC9D21 /* CustomCell */ = {
			isa = PBXGroup;
			children = (
				A1B9134825BB796500AC9D21 /* RepositoriesCell.swift */,
				A1B9134925BB796500AC9D21 /* RepositoriesCell.xib */,
			);
			path = CustomCell;
			sourceTree = "<group>";
		};
		A1B912EB25BB57CE00AC9D21 /* Common */ = {
			isa = PBXGroup;
			children = (
				A1B9134F25BB79EB00AC9D21 /* Extension */,
				A1B912EC25BB57D200AC9D21 /* Base */,
				A1B9131225BB5C7800AC9D21 /* Constants.swift */,
			);
			path = Common;
			sourceTree = "<group>";
		};
		A1B912EC25BB57D200AC9D21 /* Base */ = {
			isa = PBXGroup;
			children = (
				A1B912ED25BB57D900AC9D21 /* BaseNavigationController.swift */,
			);
			path = Base;
			sourceTree = "<group>";
		};
		A1B9134F25BB79EB00AC9D21 /* Extension */ = {
			isa = PBXGroup;
			children = (
				A1B9136625BB8E6E00AC9D21 /* UIViewX.swift */,
				A1B9135025BB79FC00AC9D21 /* UICollectionView.swift */,
			);
			path = Extension;
			sourceTree = "<group>";
		};
		F48BF64F26876529307B32C5 /* Pods */ = {
			isa = PBXGroup;
			children = (
				93C501E4D4696BBF3C4BD181 /* Pods-Owange-Task.debug.xcconfig */,
				FF5A95B521E16AD84015EBEE /* Pods-Owange-Task.release.xcconfig */,
				579FF19883EA4B30A1FD1A1C /* Pods-Owange-Task-Owange-TaskUITests.debug.xcconfig */,
				BE192A0E356641477BB42027 /* Pods-Owange-Task-Owange-TaskUITests.release.xcconfig */,
				FD3C0B288003BB792C4DF113 /* Pods-Owange-TaskTests.debug.xcconfig */,
				2F4553428ABD22FF7C192DD9 /* Pods-Owange-TaskTests.release.xcconfig */,
			);
			path = Pods;
			sourceTree = "<group>";
		};
/* End PBXGroup section */

/* Begin PBXNativeTarget section */
		A17FA2DE25BB17FC0094FCBC /* Owange-Task */ = {
			isa = PBXNativeTarget;
			buildConfigurationList = A17FA30925BB17FD0094FCBC /* Build configuration list for PBXNativeTarget "Owange-Task" */;
			buildPhases = (
				0D4573C6825F307004EF2A50 /* [CP] Check Pods Manifest.lock */,
				A17FA2DB25BB17FC0094FCBC /* Sources */,
				A17FA2DC25BB17FC0094FCBC /* Frameworks */,
				A17FA2DD25BB17FC0094FCBC /* Resources */,
				EDA8BF6B7CE709DFEC874ABE /* [CP] Embed Pods Frameworks */,
			);
			buildRules = (
			);
			dependencies = (
			);
			name = "Owange-Task";
			productName = "Owange-Task";
			productReference = A17FA2DF25BB17FC0094FCBC /* Owange-Task.app */;
			productType = "com.apple.product-type.application";
		};
		A17FA2F425BB17FD0094FCBC /* Owange-TaskTests */ = {
			isa = PBXNativeTarget;
			buildConfigurationList = A17FA30C25BB17FD0094FCBC /* Build configuration list for PBXNativeTarget "Owange-TaskTests" */;
			buildPhases = (
				7238F3817732571734E1ADEC /* [CP] Check Pods Manifest.lock */,
				A17FA2F125BB17FD0094FCBC /* Sources */,
				A17FA2F225BB17FD0094FCBC /* Frameworks */,
				A17FA2F325BB17FD0094FCBC /* Resources */,
			);
			buildRules = (
			);
			dependencies = (
				A17FA2F725BB17FD0094FCBC /* PBXTargetDependency */,
			);
			name = "Owange-TaskTests";
			productName = "Owange-TaskTests";
			productReference = A17FA2F525BB17FD0094FCBC /* Owange-TaskTests.xctest */;
			productType = "com.apple.product-type.bundle.unit-test";
		};
		A17FA2FF25BB17FD0094FCBC /* Owange-TaskUITests */ = {
			isa = PBXNativeTarget;
			buildConfigurationList = A17FA30F25BB17FD0094FCBC /* Build configuration list for PBXNativeTarget "Owange-TaskUITests" */;
			buildPhases = (
				F9C01A2AC9763EA4D0B3414F /* [CP] Check Pods Manifest.lock */,
				A17FA2FC25BB17FD0094FCBC /* Sources */,
				A17FA2FD25BB17FD0094FCBC /* Frameworks */,
				A17FA2FE25BB17FD0094FCBC /* Resources */,
				DED1DC56E16CE44C8CC8FC5B /* [CP] Embed Pods Frameworks */,
			);
			buildRules = (
			);
			dependencies = (
				A17FA30225BB17FD0094FCBC /* PBXTargetDependency */,
			);
			name = "Owange-TaskUITests";
			productName = "Owange-TaskUITests";
			productReference = A17FA30025BB17FD0094FCBC /* Owange-TaskUITests.xctest */;
			productType = "com.apple.product-type.bundle.ui-testing";
		};
/* End PBXNativeTarget section */

/* Begin PBXProject section */
		A17FA2D725BB17FC0094FCBC /* Project object */ = {
			isa = PBXProject;
			attributes = {
				LastSwiftUpdateCheck = 1220;
				LastUpgradeCheck = 1220;
				TargetAttributes = {
					A17FA2DE25BB17FC0094FCBC = {
						CreatedOnToolsVersion = 12.2;
					};
					A17FA2F425BB17FD0094FCBC = {
						CreatedOnToolsVersion = 12.2;
						TestTargetID = A17FA2DE25BB17FC0094FCBC;
					};
					A17FA2FF25BB17FD0094FCBC = {
						CreatedOnToolsVersion = 12.2;
						TestTargetID = A17FA2DE25BB17FC0094FCBC;
					};
				};
			};
			buildConfigurationList = A17FA2DA25BB17FC0094FCBC /* Build configuration list for PBXProject "Owange-Task" */;
			compatibilityVersion = "Xcode 9.3";
			developmentRegion = en;
			hasScannedForEncodings = 0;
			knownRegions = (
				en,
				Base,
			);
			mainGroup = A17FA2D625BB17FC0094FCBC;
			productRefGroup = A17FA2E025BB17FC0094FCBC /* Products */;
			projectDirPath = "";
			projectRoot = "";
			targets = (
				A17FA2DE25BB17FC0094FCBC /* Owange-Task */,
				A17FA2F425BB17FD0094FCBC /* Owange-TaskTests */,
				A17FA2FF25BB17FD0094FCBC /* Owange-TaskUITests */,
			);
		};
/* End PBXProject section */

/* Begin PBXResourcesBuildPhase section */
		A17FA2DD25BB17FC0094FCBC /* Resources */ = {
			isa = PBXResourcesBuildPhase;
			buildActionMask = 2147483647;
			files = (
				A17FA2EF25BB17FD0094FCBC /* LaunchScreen.storyboard in Resources */,
				A1B9125825BB2EFE00AC9D21 /* Color.xcassets in Resources */,
				A1B9134B25BB796500AC9D21 /* RepositoriesCell.xib in Resources */,
				A1B9131B25BB5C9500AC9D21 /* Repositories.storyboard in Resources */,
				A17FA2EC25BB17FD0094FCBC /* Assets.xcassets in Resources */,
			);
			runOnlyForDeploymentPostprocessing = 0;
		};
		A17FA2F325BB17FD0094FCBC /* Resources */ = {
			isa = PBXResourcesBuildPhase;
			buildActionMask = 2147483647;
			files = (
			);
			runOnlyForDeploymentPostprocessing = 0;
		};
		A17FA2FE25BB17FD0094FCBC /* Resources */ = {
			isa = PBXResourcesBuildPhase;
			buildActionMask = 2147483647;
			files = (
			);
			runOnlyForDeploymentPostprocessing = 0;
		};
/* End PBXResourcesBuildPhase section */

/* Begin PBXShellScriptBuildPhase section */
		0D4573C6825F307004EF2A50 /* [CP] Check Pods Manifest.lock */ = {
			isa = PBXShellScriptBuildPhase;
			buildActionMask = 2147483647;
			files = (
			);
			inputFileListPaths = (
			);
			inputPaths = (
				"${PODS_PODFILE_DIR_PATH}/Podfile.lock",
				"${PODS_ROOT}/Manifest.lock",
			);
			name = "[CP] Check Pods Manifest.lock";
			outputFileListPaths = (
			);
			outputPaths = (
				"$(DERIVED_FILE_DIR)/Pods-Owange-Task-checkManifestLockResult.txt",
			);
			runOnlyForDeploymentPostprocessing = 0;
			shellPath = /bin/sh;
			shellScript = "diff \"${PODS_PODFILE_DIR_PATH}/Podfile.lock\" \"${PODS_ROOT}/Manifest.lock\" > /dev/null\nif [ $? != 0 ] ; then\n    # print error to STDERR\n    echo \"error: The sandbox is not in sync with the Podfile.lock. Run 'pod install' or update your CocoaPods installation.\" >&2\n    exit 1\nfi\n# This output is used by Xcode 'outputs' to avoid re-running this script phase.\necho \"SUCCESS\" > \"${SCRIPT_OUTPUT_FILE_0}\"\n";
			showEnvVarsInLog = 0;
		};
		7238F3817732571734E1ADEC /* [CP] Check Pods Manifest.lock */ = {
			isa = PBXShellScriptBuildPhase;
			buildActionMask = 2147483647;
			files = (
			);
			inputFileListPaths = (
			);
			inputPaths = (
				"${PODS_PODFILE_DIR_PATH}/Podfile.lock",
				"${PODS_ROOT}/Manifest.lock",
			);
			name = "[CP] Check Pods Manifest.lock";
			outputFileListPaths = (
			);
			outputPaths = (
				"$(DERIVED_FILE_DIR)/Pods-Owange-TaskTests-checkManifestLockResult.txt",
			);
			runOnlyForDeploymentPostprocessing = 0;
			shellPath = /bin/sh;
			shellScript = "diff \"${PODS_PODFILE_DIR_PATH}/Podfile.lock\" \"${PODS_ROOT}/Manifest.lock\" > /dev/null\nif [ $? != 0 ] ; then\n    # print error to STDERR\n    echo \"error: The sandbox is not in sync with the Podfile.lock. Run 'pod install' or update your CocoaPods installation.\" >&2\n    exit 1\nfi\n# This output is used by Xcode 'outputs' to avoid re-running this script phase.\necho \"SUCCESS\" > \"${SCRIPT_OUTPUT_FILE_0}\"\n";
			showEnvVarsInLog = 0;
		};
		DED1DC56E16CE44C8CC8FC5B /* [CP] Embed Pods Frameworks */ = {
			isa = PBXShellScriptBuildPhase;
			buildActionMask = 2147483647;
			files = (
			);
			inputFileListPaths = (
				"${PODS_ROOT}/Target Support Files/Pods-Owange-Task-Owange-TaskUITests/Pods-Owange-Task-Owange-TaskUITests-frameworks-${CONFIGURATION}-input-files.xcfilelist",
			);
			name = "[CP] Embed Pods Frameworks";
			outputFileListPaths = (
				"${PODS_ROOT}/Target Support Files/Pods-Owange-Task-Owange-TaskUITests/Pods-Owange-Task-Owange-TaskUITests-frameworks-${CONFIGURATION}-output-files.xcfilelist",
			);
			runOnlyForDeploymentPostprocessing = 0;
			shellPath = /bin/sh;
			shellScript = "\"${PODS_ROOT}/Target Support Files/Pods-Owange-Task-Owange-TaskUITests/Pods-Owange-Task-Owange-TaskUITests-frameworks.sh\"\n";
			showEnvVarsInLog = 0;
		};
		EDA8BF6B7CE709DFEC874ABE /* [CP] Embed Pods Frameworks */ = {
			isa = PBXShellScriptBuildPhase;
			buildActionMask = 2147483647;
			files = (
			);
			inputFileListPaths = (
				"${PODS_ROOT}/Target Support Files/Pods-Owange-Task/Pods-Owange-Task-frameworks-${CONFIGURATION}-input-files.xcfilelist",
			);
			name = "[CP] Embed Pods Frameworks";
			outputFileListPaths = (
				"${PODS_ROOT}/Target Support Files/Pods-Owange-Task/Pods-Owange-Task-frameworks-${CONFIGURATION}-output-files.xcfilelist",
			);
			runOnlyForDeploymentPostprocessing = 0;
			shellPath = /bin/sh;
			shellScript = "\"${PODS_ROOT}/Target Support Files/Pods-Owange-Task/Pods-Owange-Task-frameworks.sh\"\n";
			showEnvVarsInLog = 0;
		};
		F9C01A2AC9763EA4D0B3414F /* [CP] Check Pods Manifest.lock */ = {
			isa = PBXShellScriptBuildPhase;
			buildActionMask = 2147483647;
			files = (
			);
			inputFileListPaths = (
			);
			inputPaths = (
				"${PODS_PODFILE_DIR_PATH}/Podfile.lock",
				"${PODS_ROOT}/Manifest.lock",
			);
			name = "[CP] Check Pods Manifest.lock";
			outputFileListPaths = (
			);
			outputPaths = (
				"$(DERIVED_FILE_DIR)/Pods-Owange-Task-Owange-TaskUITests-checkManifestLockResult.txt",
			);
			runOnlyForDeploymentPostprocessing = 0;
			shellPath = /bin/sh;
			shellScript = "diff \"${PODS_PODFILE_DIR_PATH}/Podfile.lock\" \"${PODS_ROOT}/Manifest.lock\" > /dev/null\nif [ $? != 0 ] ; then\n    # print error to STDERR\n    echo \"error: The sandbox is not in sync with the Podfile.lock. Run 'pod install' or update your CocoaPods installation.\" >&2\n    exit 1\nfi\n# This output is used by Xcode 'outputs' to avoid re-running this script phase.\necho \"SUCCESS\" > \"${SCRIPT_OUTPUT_FILE_0}\"\n";
			showEnvVarsInLog = 0;
		};
/* End PBXShellScriptBuildPhase section */

/* Begin PBXSourcesBuildPhase section */
		A17FA2DB25BB17FC0094FCBC /* Sources */ = {
			isa = PBXSourcesBuildPhase;
			buildActionMask = 2147483647;
			files = (
				A1B9129725BB318500AC9D21 /* NetworkManager.swift in Sources */,
				A1B9131325BB5C7800AC9D21 /* Constants.swift in Sources */,
				A1B912C325BB522800AC9D21 /* Network+Repositories.swift in Sources */,
				A1B9126925BB301800AC9D21 /* BaseFactory.swift in Sources */,
				A1B9126125BB2F9C00AC9D21 /* DependencyFactory.swift in Sources */,
				A1B9134A25BB796500AC9D21 /* RepositoriesCell.swift in Sources */,
				A1B9135125BB79FC00AC9D21 /* UICollectionView.swift in Sources */,
				A1B9128E25BB316300AC9D21 /* RepositoriesAPI.swift in Sources */,
				A1B9136725BB8E6E00AC9D21 /* UIViewX.swift in Sources */,
				A1B912EE25BB57D900AC9D21 /* BaseNavigationController.swift in Sources */,
				A1B912CB25BB530A00AC9D21 /* MoyaProvider+Promise.swift in Sources */,
				A17FA2E325BB17FC0094FCBC /* AppDelegate.swift in Sources */,
				A1B912DB25BB537A00AC9D21 /* NetworkError.swift in Sources */,
				A1B9127A25BB30B400AC9D21 /* RepositoriesViewModel.swift in Sources */,
				A1B9135C25BB7A8500AC9D21 /* RepositoriesViewController+CollectionView.swift in Sources */,
				A1B9128725BB30D300AC9D21 /* RepositoriesServiceProtocol.swift in Sources */,
				A1B912A925BB339000AC9D21 /* BaseCoordinator.swift in Sources */,
				A1B9128225BB30C200AC9D21 /* RepositoriesViewController.swift in Sources */,
				A1B912E325BB540300AC9D21 /* MoyaApiExtension.swift in Sources */,
				A1B912D325BB534400AC9D21 /* ServerError.swift in Sources */,
				A1B912BB25BB470F00AC9D21 /* RepositoriesResponse.swift in Sources */,
				A1B912F625BB582500AC9D21 /* UIApplication.swift in Sources */,
				A1B912B025BB352A00AC9D21 /* ApisPaths.swift in Sources */,
				A1B9129F25BB31FC00AC9D21 /* RepositoriesCoordinator.swift in Sources */,
				A1B912A425BB323A00AC9D21 /* RepositoriesFactory.swift in Sources */,
			);
			runOnlyForDeploymentPostprocessing = 0;
		};
		A17FA2F125BB17FD0094FCBC /* Sources */ = {
			isa = PBXSourcesBuildPhase;
			buildActionMask = 2147483647;
			files = (
				A17FA2FA25BB17FD0094FCBC /* Owange_TaskTests.swift in Sources */,
			);
			runOnlyForDeploymentPostprocessing = 0;
		};
		A17FA2FC25BB17FD0094FCBC /* Sources */ = {
			isa = PBXSourcesBuildPhase;
			buildActionMask = 2147483647;
			files = (
				A17FA30525BB17FD0094FCBC /* Owange_TaskUITests.swift in Sources */,
			);
			runOnlyForDeploymentPostprocessing = 0;
		};
/* End PBXSourcesBuildPhase section */

/* Begin PBXTargetDependency section */
		A17FA2F725BB17FD0094FCBC /* PBXTargetDependency */ = {
			isa = PBXTargetDependency;
			target = A17FA2DE25BB17FC0094FCBC /* Owange-Task */;
			targetProxy = A17FA2F625BB17FD0094FCBC /* PBXContainerItemProxy */;
		};
		A17FA30225BB17FD0094FCBC /* PBXTargetDependency */ = {
			isa = PBXTargetDependency;
			target = A17FA2DE25BB17FC0094FCBC /* Owange-Task */;
			targetProxy = A17FA30125BB17FD0094FCBC /* PBXContainerItemProxy */;
		};
/* End PBXTargetDependency section */

/* Begin PBXVariantGroup section */
		A17FA2ED25BB17FD0094FCBC /* LaunchScreen.storyboard */ = {
			isa = PBXVariantGroup;
			children = (
				A17FA2EE25BB17FD0094FCBC /* Base */,
			);
			name = LaunchScreen.storyboard;
			sourceTree = "<group>";
		};
/* End PBXVariantGroup section */

/* Begin XCBuildConfiguration section */
		A17FA30725BB17FD0094FCBC /* Debug */ = {
			isa = XCBuildConfiguration;
			buildSettings = {
				ALWAYS_SEARCH_USER_PATHS = NO;
				CLANG_ANALYZER_NONNULL = YES;
				CLANG_ANALYZER_NUMBER_OBJECT_CONVERSION = YES_AGGRESSIVE;
				CLANG_CXX_LANGUAGE_STANDARD = "gnu++14";
				CLANG_CXX_LIBRARY = "libc++";
				CLANG_ENABLE_MODULES = YES;
				CLANG_ENABLE_OBJC_ARC = YES;
				CLANG_ENABLE_OBJC_WEAK = YES;
				CLANG_WARN_BLOCK_CAPTURE_AUTORELEASING = YES;
				CLANG_WARN_BOOL_CONVERSION = YES;
				CLANG_WARN_COMMA = YES;
				CLANG_WARN_CONSTANT_CONVERSION = YES;
				CLANG_WARN_DEPRECATED_OBJC_IMPLEMENTATIONS = YES;
				CLANG_WARN_DIRECT_OBJC_ISA_USAGE = YES_ERROR;
				CLANG_WARN_DOCUMENTATION_COMMENTS = YES;
				CLANG_WARN_EMPTY_BODY = YES;
				CLANG_WARN_ENUM_CONVERSION = YES;
				CLANG_WARN_INFINITE_RECURSION = YES;
				CLANG_WARN_INT_CONVERSION = YES;
				CLANG_WARN_NON_LITERAL_NULL_CONVERSION = YES;
				CLANG_WARN_OBJC_IMPLICIT_RETAIN_SELF = YES;
				CLANG_WARN_OBJC_LITERAL_CONVERSION = YES;
				CLANG_WARN_OBJC_ROOT_CLASS = YES_ERROR;
				CLANG_WARN_QUOTED_INCLUDE_IN_FRAMEWORK_HEADER = YES;
				CLANG_WARN_RANGE_LOOP_ANALYSIS = YES;
				CLANG_WARN_STRICT_PROTOTYPES = YES;
				CLANG_WARN_SUSPICIOUS_MOVE = YES;
				CLANG_WARN_UNGUARDED_AVAILABILITY = YES_AGGRESSIVE;
				CLANG_WARN_UNREACHABLE_CODE = YES;
				CLANG_WARN__DUPLICATE_METHOD_MATCH = YES;
				COPY_PHASE_STRIP = NO;
				DEBUG_INFORMATION_FORMAT = dwarf;
				ENABLE_STRICT_OBJC_MSGSEND = YES;
				ENABLE_TESTABILITY = YES;
				GCC_C_LANGUAGE_STANDARD = gnu11;
				GCC_DYNAMIC_NO_PIC = NO;
				GCC_NO_COMMON_BLOCKS = YES;
				GCC_OPTIMIZATION_LEVEL = 0;
				GCC_PREPROCESSOR_DEFINITIONS = (
					"DEBUG=1",
					"$(inherited)",
				);
				GCC_WARN_64_TO_32_BIT_CONVERSION = YES;
				GCC_WARN_ABOUT_RETURN_TYPE = YES_ERROR;
				GCC_WARN_UNDECLARED_SELECTOR = YES;
				GCC_WARN_UNINITIALIZED_AUTOS = YES_AGGRESSIVE;
				GCC_WARN_UNUSED_FUNCTION = YES;
				GCC_WARN_UNUSED_VARIABLE = YES;
				IPHONEOS_DEPLOYMENT_TARGET = 14.2;
				MTL_ENABLE_DEBUG_INFO = INCLUDE_SOURCE;
				MTL_FAST_MATH = YES;
				ONLY_ACTIVE_ARCH = YES;
				SDKROOT = iphoneos;
				SWIFT_ACTIVE_COMPILATION_CONDITIONS = DEBUG;
				SWIFT_OPTIMIZATION_LEVEL = "-Onone";
			};
			name = Debug;
		};
		A17FA30825BB17FD0094FCBC /* Release */ = {
			isa = XCBuildConfiguration;
			buildSettings = {
				ALWAYS_SEARCH_USER_PATHS = NO;
				CLANG_ANALYZER_NONNULL = YES;
				CLANG_ANALYZER_NUMBER_OBJECT_CONVERSION = YES_AGGRESSIVE;
				CLANG_CXX_LANGUAGE_STANDARD = "gnu++14";
				CLANG_CXX_LIBRARY = "libc++";
				CLANG_ENABLE_MODULES = YES;
				CLANG_ENABLE_OBJC_ARC = YES;
				CLANG_ENABLE_OBJC_WEAK = YES;
				CLANG_WARN_BLOCK_CAPTURE_AUTORELEASING = YES;
				CLANG_WARN_BOOL_CONVERSION = YES;
				CLANG_WARN_COMMA = YES;
				CLANG_WARN_CONSTANT_CONVERSION = YES;
				CLANG_WARN_DEPRECATED_OBJC_IMPLEMENTATIONS = YES;
				CLANG_WARN_DIRECT_OBJC_ISA_USAGE = YES_ERROR;
				CLANG_WARN_DOCUMENTATION_COMMENTS = YES;
				CLANG_WARN_EMPTY_BODY = YES;
				CLANG_WARN_ENUM_CONVERSION = YES;
				CLANG_WARN_INFINITE_RECURSION = YES;
				CLANG_WARN_INT_CONVERSION = YES;
				CLANG_WARN_NON_LITERAL_NULL_CONVERSION = YES;
				CLANG_WARN_OBJC_IMPLICIT_RETAIN_SELF = YES;
				CLANG_WARN_OBJC_LITERAL_CONVERSION = YES;
				CLANG_WARN_OBJC_ROOT_CLASS = YES_ERROR;
				CLANG_WARN_QUOTED_INCLUDE_IN_FRAMEWORK_HEADER = YES;
				CLANG_WARN_RANGE_LOOP_ANALYSIS = YES;
				CLANG_WARN_STRICT_PROTOTYPES = YES;
				CLANG_WARN_SUSPICIOUS_MOVE = YES;
				CLANG_WARN_UNGUARDED_AVAILABILITY = YES_AGGRESSIVE;
				CLANG_WARN_UNREACHABLE_CODE = YES;
				CLANG_WARN__DUPLICATE_METHOD_MATCH = YES;
				COPY_PHASE_STRIP = NO;
				DEBUG_INFORMATION_FORMAT = "dwarf-with-dsym";
				ENABLE_NS_ASSERTIONS = NO;
				ENABLE_STRICT_OBJC_MSGSEND = YES;
				GCC_C_LANGUAGE_STANDARD = gnu11;
				GCC_NO_COMMON_BLOCKS = YES;
				GCC_WARN_64_TO_32_BIT_CONVERSION = YES;
				GCC_WARN_ABOUT_RETURN_TYPE = YES_ERROR;
				GCC_WARN_UNDECLARED_SELECTOR = YES;
				GCC_WARN_UNINITIALIZED_AUTOS = YES_AGGRESSIVE;
				GCC_WARN_UNUSED_FUNCTION = YES;
				GCC_WARN_UNUSED_VARIABLE = YES;
				IPHONEOS_DEPLOYMENT_TARGET = 14.2;
				MTL_ENABLE_DEBUG_INFO = NO;
				MTL_FAST_MATH = YES;
				SDKROOT = iphoneos;
				SWIFT_COMPILATION_MODE = wholemodule;
				SWIFT_OPTIMIZATION_LEVEL = "-O";
				VALIDATE_PRODUCT = YES;
			};
			name = Release;
		};
		A17FA30A25BB17FD0094FCBC /* Debug */ = {
			isa = XCBuildConfiguration;
			baseConfigurationReference = 93C501E4D4696BBF3C4BD181 /* Pods-Owange-Task.debug.xcconfig */;
			buildSettings = {
				ASSETCATALOG_COMPILER_APPICON_NAME = AppIcon;
				ASSETCATALOG_COMPILER_GLOBAL_ACCENT_COLOR_NAME = AccentColor;
				CODE_SIGN_STYLE = Automatic;
				DEVELOPMENT_TEAM = 7KS9LA929L;
				INFOPLIST_FILE = "$(SRCROOT)/Owange-Task/Configuration/Info.plist";
				IPHONEOS_DEPLOYMENT_TARGET = 13.0;
				LD_RUNPATH_SEARCH_PATHS = (
					"$(inherited)",
					"@executable_path/Frameworks",
				);
				PRODUCT_BUNDLE_IDENTIFIER = "com.iOS.Owange-Task";
				PRODUCT_NAME = "$(TARGET_NAME)";
				SWIFT_VERSION = 5.0;
				TARGETED_DEVICE_FAMILY = 1;
			};
			name = Debug;
		};
		A17FA30B25BB17FD0094FCBC /* Release */ = {
			isa = XCBuildConfiguration;
			baseConfigurationReference = FF5A95B521E16AD84015EBEE /* Pods-Owange-Task.release.xcconfig */;
			buildSettings = {
				ASSETCATALOG_COMPILER_APPICON_NAME = AppIcon;
				ASSETCATALOG_COMPILER_GLOBAL_ACCENT_COLOR_NAME = AccentColor;
				CODE_SIGN_STYLE = Automatic;
				DEVELOPMENT_TEAM = 7KS9LA929L;
				INFOPLIST_FILE = "$(SRCROOT)/Owange-Task/Configuration/Info.plist";
				IPHONEOS_DEPLOYMENT_TARGET = 13.0;
				LD_RUNPATH_SEARCH_PATHS = (
					"$(inherited)",
					"@executable_path/Frameworks",
				);
				PRODUCT_BUNDLE_IDENTIFIER = "com.iOS.Owange-Task";
				PRODUCT_NAME = "$(TARGET_NAME)";
				SWIFT_VERSION = 5.0;
				TARGETED_DEVICE_FAMILY = 1;
			};
			name = Release;
		};
		A17FA30D25BB17FD0094FCBC /* Debug */ = {
			isa = XCBuildConfiguration;
			baseConfigurationReference = FD3C0B288003BB792C4DF113 /* Pods-Owange-TaskTests.debug.xcconfig */;
			buildSettings = {
				ALWAYS_EMBED_SWIFT_STANDARD_LIBRARIES = YES;
				BUNDLE_LOADER = "$(TEST_HOST)";
				CODE_SIGN_STYLE = Automatic;
				INFOPLIST_FILE = "Owange-TaskTests/Info.plist";
				IPHONEOS_DEPLOYMENT_TARGET = 14.2;
				LD_RUNPATH_SEARCH_PATHS = (
					"$(inherited)",
					"@executable_path/Frameworks",
					"@loader_path/Frameworks",
				);
				PRODUCT_BUNDLE_IDENTIFIER = "com.iOS.ownage-task.Owange-TaskTests";
				PRODUCT_NAME = "$(TARGET_NAME)";
				SWIFT_VERSION = 5.0;
				TARGETED_DEVICE_FAMILY = "1,2";
				TEST_HOST = "$(BUILT_PRODUCTS_DIR)/Owange-Task.app/Owange-Task";
			};
			name = Debug;
		};
		A17FA30E25BB17FD0094FCBC /* Release */ = {
			isa = XCBuildConfiguration;
			baseConfigurationReference = 2F4553428ABD22FF7C192DD9 /* Pods-Owange-TaskTests.release.xcconfig */;
			buildSettings = {
				ALWAYS_EMBED_SWIFT_STANDARD_LIBRARIES = YES;
				BUNDLE_LOADER = "$(TEST_HOST)";
				CODE_SIGN_STYLE = Automatic;
				INFOPLIST_FILE = "Owange-TaskTests/Info.plist";
				IPHONEOS_DEPLOYMENT_TARGET = 14.2;
				LD_RUNPATH_SEARCH_PATHS = (
					"$(inherited)",
					"@executable_path/Frameworks",
					"@loader_path/Frameworks",
				);
				PRODUCT_BUNDLE_IDENTIFIER = "com.iOS.ownage-task.Owange-TaskTests";
				PRODUCT_NAME = "$(TARGET_NAME)";
				SWIFT_VERSION = 5.0;
				TARGETED_DEVICE_FAMILY = "1,2";
				TEST_HOST = "$(BUILT_PRODUCTS_DIR)/Owange-Task.app/Owange-Task";
			};
			name = Release;
		};
		A17FA31025BB17FD0094FCBC /* Debug */ = {
			isa = XCBuildConfiguration;
			baseConfigurationReference = 579FF19883EA4B30A1FD1A1C /* Pods-Owange-Task-Owange-TaskUITests.debug.xcconfig */;
			buildSettings = {
				ALWAYS_EMBED_SWIFT_STANDARD_LIBRARIES = YES;
				CODE_SIGN_STYLE = Automatic;
				INFOPLIST_FILE = "Owange-TaskUITests/Info.plist";
				LD_RUNPATH_SEARCH_PATHS = (
					"$(inherited)",
					"@executable_path/Frameworks",
					"@loader_path/Frameworks",
				);
				PRODUCT_BUNDLE_IDENTIFIER = "com.iOS.ownage-task.Owange-TaskUITests";
				PRODUCT_NAME = "$(TARGET_NAME)";
				SWIFT_VERSION = 5.0;
				TARGETED_DEVICE_FAMILY = "1,2";
				TEST_TARGET_NAME = "Owange-Task";
			};
			name = Debug;
		};
		A17FA31125BB17FD0094FCBC /* Release */ = {
			isa = XCBuildConfiguration;
			baseConfigurationReference = BE192A0E356641477BB42027 /* Pods-Owange-Task-Owange-TaskUITests.release.xcconfig */;
			buildSettings = {
				ALWAYS_EMBED_SWIFT_STANDARD_LIBRARIES = YES;
				CODE_SIGN_STYLE = Automatic;
				INFOPLIST_FILE = "Owange-TaskUITests/Info.plist";
				LD_RUNPATH_SEARCH_PATHS = (
					"$(inherited)",
					"@executable_path/Frameworks",
					"@loader_path/Frameworks",
				);
				PRODUCT_BUNDLE_IDENTIFIER = "com.iOS.ownage-task.Owange-TaskUITests";
				PRODUCT_NAME = "$(TARGET_NAME)";
				SWIFT_VERSION = 5.0;
				TARGETED_DEVICE_FAMILY = "1,2";
				TEST_TARGET_NAME = "Owange-Task";
			};
			name = Release;
		};
/* End XCBuildConfiguration section */

/* Begin XCConfigurationList section */
		A17FA2DA25BB17FC0094FCBC /* Build configuration list for PBXProject "Owange-Task" */ = {
			isa = XCConfigurationList;
			buildConfigurations = (
				A17FA30725BB17FD0094FCBC /* Debug */,
				A17FA30825BB17FD0094FCBC /* Release */,
			);
			defaultConfigurationIsVisible = 0;
			defaultConfigurationName = Release;
		};
		A17FA30925BB17FD0094FCBC /* Build configuration list for PBXNativeTarget "Owange-Task" */ = {
			isa = XCConfigurationList;
			buildConfigurations = (
				A17FA30A25BB17FD0094FCBC /* Debug */,
				A17FA30B25BB17FD0094FCBC /* Release */,
			);
			defaultConfigurationIsVisible = 0;
			defaultConfigurationName = Release;
		};
		A17FA30C25BB17FD0094FCBC /* Build configuration list for PBXNativeTarget "Owange-TaskTests" */ = {
			isa = XCConfigurationList;
			buildConfigurations = (
				A17FA30D25BB17FD0094FCBC /* Debug */,
				A17FA30E25BB17FD0094FCBC /* Release */,
			);
			defaultConfigurationIsVisible = 0;
			defaultConfigurationName = Release;
		};
		A17FA30F25BB17FD0094FCBC /* Build configuration list for PBXNativeTarget "Owange-TaskUITests" */ = {
			isa = XCConfigurationList;
			buildConfigurations = (
				A17FA31025BB17FD0094FCBC /* Debug */,
				A17FA31125BB17FD0094FCBC /* Release */,
			);
			defaultConfigurationIsVisible = 0;
			defaultConfigurationName = Release;
		};
/* End XCConfigurationList section */
	};
	rootObject = A17FA2D725BB17FC0094FCBC /* Project object */;
}
